
Microsoft Visual Studio Solution File, Format Version 12.00
# Visual Studio Version 16
VisualStudioVersion = 16.0.33927.289
MinimumVisualStudioVersion = 10.0.40219.1
Project("{FAE04EC0-301F-11D3-BF4B-00C04F79EFBC}") = "Net_Interview_Question_API", "Net_Interview_Question_API.csproj", "{C8E520D2-9F8D-4CC6-B95A-9CC2EDDF63BC}"
EndProject
Global
	GlobalSection(SolutionConfigurationPlatforms) = preSolution
		Debug|Any CPU = Debug|Any CPU
		Release|Any CPU = Release|Any CPU
	EndGlobalSection
	GlobalSection(ProjectConfigurationPlatforms) = postSolution
		{C8E520D2-9F8D-4CC6-B95A-9CC2EDDF63BC}.Debug|Any CPU.ActiveCfg = Debug|Any CPU
		{C8E520D2-9F8D-4CC6-B95A-9CC2EDDF63BC}.Debug|Any CPU.Build.0 = Debug|Any CPU
		{C8E520D2-9F8D-4CC6-B95A-9CC2EDDF63BC}.Release|Any CPU.ActiveCfg = Release|Any CPU
		{C8E520D2-9F8D-4CC6-B95A-9CC2EDDF63BC}.Release|Any CPU.Build.0 = Release|Any CPU
	EndGlobalSection
	GlobalSection(SolutionProperties) = preSolution
		HideSolutionNode = FALSE
	EndGlobalSection
	GlobalSection(ExtensibilityGlobals) = postSolution
		SolutionGuid = {F5BF92B2-873F-4718-B8AD-43D36E76CE38}
	EndGlobalSection
EndGlobal
